
Microsoft Visual Studio Solution File, Format Version 12.00
# Visual Studio Version 17
VisualStudioVersion = 17.1.32414.318
MinimumVisualStudioVersion = 10.0.40219.1
Project("{FAE04EC0-301F-11D3-BF4B-00C04F79EFBC}") = "Cook manager", "Cook manager\Cook manager.csproj", "{413DFFFE-80C2-4537-BBA3-2897587B56BD}"
EndProject
Global
	GlobalSection(SolutionConfigurationPlatforms) = preSolution
		Debug|Any CPU = Debug|Any CPU
		Release|Any CPU = Release|Any CPU
	EndGlobalSection
	GlobalSection(ProjectConfigurationPlatforms) = postSolution
		{413DFFFE-80C2-4537-BBA3-2897587B56BD}.Debug|Any CPU.ActiveCfg = Debug|Any CPU
		{413DFFFE-80C2-4537-BBA3-2897587B56BD}.Debug|Any CPU.Build.0 = Debug|Any CPU
		{413DFFFE-80C2-4537-BBA3-2897587B56BD}.Release|Any CPU.ActiveCfg = Release|Any CPU
		{413DFFFE-80C2-4537-BBA3-2897587B56BD}.Release|Any CPU.Build.0 = Release|Any CPU
	EndGlobalSection
	GlobalSection(SolutionProperties) = preSolution
		HideSolutionNode = FALSE
	EndGlobalSection
	GlobalSection(ExtensibilityGlobals) = postSolution
		SolutionGuid = {CDC02957-39DE-4668-80B7-95D34990F3B2}
	EndGlobalSection
EndGlobal
